
Microsoft Visual Studio Solution File, Format Version 12.00
# Visual Studio 15
VisualStudioVersion = 15.0.26228.4
MinimumVisualStudioVersion = 10.0.40219.1
Project("{FAE04EC0-301F-11D3-BF4B-00C04F79EFBC}") = "DealCloud.EntryForm.Wpf", "DealCloud.EntryForm.Wpf\DealCloud.EntryForm.Wpf.csproj", "{BF2E467C-C050-462D-AC2B-C9ED6FAE4533}"
EndProject
Project("{FAE04EC0-301F-11D3-BF4B-00C04F79EFBC}") = "DealCloud.AddIn.Common", "DealCloud.AddIn.Common\DealCloud.AddIn.Common.csproj", "{7A7DAFF8-C48E-4FEE-8FED-087FB96B6642}"
EndProject
Project("{FAE04EC0-301F-11D3-BF4B-00C04F79EFBC}") = "DealCloud.Common", "DealCloud.Common\DealCloud.Common.csproj", "{99FC9981-8F3A-4909-860D-0D9C962A6FAB}"
EndProject
Global
	GlobalSection(SolutionConfigurationPlatforms) = preSolution
		Debug|Any CPU = Debug|Any CPU
		Debug|x86 = Debug|x86
		Release|Any CPU = Release|Any CPU
		Release|x86 = Release|x86
	EndGlobalSection
	GlobalSection(ProjectConfigurationPlatforms) = postSolution
		{BF2E467C-C050-462D-AC2B-C9ED6FAE4533}.Debug|Any CPU.ActiveCfg = Debug|x86
		{BF2E467C-C050-462D-AC2B-C9ED6FAE4533}.Debug|x86.ActiveCfg = Debug|x86
		{BF2E467C-C050-462D-AC2B-C9ED6FAE4533}.Debug|x86.Build.0 = Debug|x86
		{BF2E467C-C050-462D-AC2B-C9ED6FAE4533}.Release|Any CPU.ActiveCfg = Release|x86
		{BF2E467C-C050-462D-AC2B-C9ED6FAE4533}.Release|x86.ActiveCfg = Release|x86
		{BF2E467C-C050-462D-AC2B-C9ED6FAE4533}.Release|x86.Build.0 = Release|x86
		{7A7DAFF8-C48E-4FEE-8FED-087FB96B6642}.Debug|Any CPU.ActiveCfg = Debug|Any CPU
		{7A7DAFF8-C48E-4FEE-8FED-087FB96B6642}.Debug|Any CPU.Build.0 = Debug|Any CPU
		{7A7DAFF8-C48E-4FEE-8FED-087FB96B6642}.Debug|x86.ActiveCfg = Debug|Any CPU
		{7A7DAFF8-C48E-4FEE-8FED-087FB96B6642}.Debug|x86.Build.0 = Debug|Any CPU
		{7A7DAFF8-C48E-4FEE-8FED-087FB96B6642}.Release|Any CPU.ActiveCfg = Release|Any CPU
		{7A7DAFF8-C48E-4FEE-8FED-087FB96B6642}.Release|Any CPU.Build.0 = Release|Any CPU
		{7A7DAFF8-C48E-4FEE-8FED-087FB96B6642}.Release|x86.ActiveCfg = Release|Any CPU
		{7A7DAFF8-C48E-4FEE-8FED-087FB96B6642}.Release|x86.Build.0 = Release|Any CPU
		{99FC9981-8F3A-4909-860D-0D9C962A6FAB}.Debug|Any CPU.ActiveCfg = Debug|Any CPU
		{99FC9981-8F3A-4909-860D-0D9C962A6FAB}.Debug|Any CPU.Build.0 = Debug|Any CPU
		{99FC9981-8F3A-4909-860D-0D9C962A6FAB}.Debug|x86.ActiveCfg = Debug|Any CPU
		{99FC9981-8F3A-4909-860D-0D9C962A6FAB}.Debug|x86.Build.0 = Debug|Any CPU
		{99FC9981-8F3A-4909-860D-0D9C962A6FAB}.Release|Any CPU.ActiveCfg = Release|Any CPU
		{99FC9981-8F3A-4909-860D-0D9C962A6FAB}.Release|Any CPU.Build.0 = Release|Any CPU
		{99FC9981-8F3A-4909-860D-0D9C962A6FAB}.Release|x86.ActiveCfg = Release|Any CPU
		{99FC9981-8F3A-4909-860D-0D9C962A6FAB}.Release|x86.Build.0 = Release|Any CPU
	EndGlobalSection
	GlobalSection(SolutionProperties) = preSolution
		HideSolutionNode = FALSE
	EndGlobalSection
	GlobalSection(ExtensibilityGlobals) = postSolution
		SolutionGuid = {246665E0-086E-44AC-A3E7-5C3E9973EBC3}
	EndGlobalSection
EndGlobal
